
Microsoft Visual Studio Solution File, Format Version 12.00
# Visual Studio Version 17
VisualStudioVersion = 17.13.35806.99 d17.13
MinimumVisualStudioVersion = 10.0.40219.1
Project("{FAE04EC0-301F-11D3-BF4B-00C04F79EFBC}") = "MVCMovies", "MVCMovies\MVCMovies.csproj", "{251998EF-ABFC-46B4-9972-FC8EA3E0AE83}"
EndProject
Global
	GlobalSection(SolutionConfigurationPlatforms) = preSolution
		Debug|Any CPU = Debug|Any CPU
		Release|Any CPU = Release|Any CPU
	EndGlobalSection
	GlobalSection(ProjectConfigurationPlatforms) = postSolution
		{251998EF-ABFC-46B4-9972-FC8EA3E0AE83}.Debug|Any CPU.ActiveCfg = Debug|Any CPU
		{251998EF-ABFC-46B4-9972-FC8EA3E0AE83}.Debug|Any CPU.Build.0 = Debug|Any CPU
		{251998EF-ABFC-46B4-9972-FC8EA3E0AE83}.Release|Any CPU.ActiveCfg = Release|Any CPU
		{251998EF-ABFC-46B4-9972-FC8EA3E0AE83}.Release|Any CPU.Build.0 = Release|Any CPU
	EndGlobalSection
	GlobalSection(SolutionProperties) = preSolution
		HideSolutionNode = FALSE
	EndGlobalSection
	GlobalSection(ExtensibilityGlobals) = postSolution
		SolutionGuid = {6E53A378-CC08-49D0-BCBE-FCCDF31DA975}
	EndGlobalSection
EndGlobal
